
Microsoft Visual Studio Solution File, Format Version 12.00
# Visual Studio Version 17
VisualStudioVersion = 17.0.32014.148
MinimumVisualStudioVersion = 10.0.40219.1
Project("{FAE04EC0-301F-11D3-BF4B-00C04F79EFBC}") = "ClevoFanCurve", "ClevoFanControl\ClevoFanCurve.csproj", "{E1B8B474-7FB8-4921-A6DA-8D13F903DFA7}"
EndProject
Global
	GlobalSection(SolutionConfigurationPlatforms) = preSolution
		Debug|Any CPU = Debug|Any CPU
		Release|Any CPU = Release|Any CPU
	EndGlobalSection
	GlobalSection(ProjectConfigurationPlatforms) = postSolution
		{E1B8B474-7FB8-4921-A6DA-8D13F903DFA7}.Debug|Any CPU.ActiveCfg = Debug|Any CPU
		{E1B8B474-7FB8-4921-A6DA-8D13F903DFA7}.Debug|Any CPU.Build.0 = Debug|Any CPU
		{E1B8B474-7FB8-4921-A6DA-8D13F903DFA7}.Release|Any CPU.ActiveCfg = Release|Any CPU
		{E1B8B474-7FB8-4921-A6DA-8D13F903DFA7}.Release|Any CPU.Build.0 = Release|Any CPU
	EndGlobalSection
	GlobalSection(SolutionProperties) = preSolution
		HideSolutionNode = FALSE
	EndGlobalSection
	GlobalSection(ExtensibilityGlobals) = postSolution
		SolutionGuid = {5D6271A7-8E5E-4CDB-AF3E-50D95B5EFC70}
	EndGlobalSection
EndGlobal
